
Microsoft Visual Studio Solution File, Format Version 12.00
# Visual Studio Version 17
VisualStudioVersion = 17.6.34728.177
MinimumVisualStudioVersion = 10.0.40219.1
Project("{888888A0-9F3D-457C-B088-3A5042F75D52}") = "DMS", "DMS\DMS.pyproj", "{61B237D1-1174-41B5-B34D-93A0CD56A1E2}"
EndProject
Project("{2150E333-8FDC-42A3-9474-1A3956D46DE8}") = "Projektmappenelemente", "Projektmappenelemente", "{A1791668-EABC-4AA7-AC4B-19CDD8DAD557}"
EndProject
Global
	GlobalSection(SolutionConfigurationPlatforms) = preSolution
		Debug|Any CPU = Debug|Any CPU
		Release|Any CPU = Release|Any CPU
	EndGlobalSection
	GlobalSection(ProjectConfigurationPlatforms) = postSolution
		{61B237D1-1174-41B5-B34D-93A0CD56A1E2}.Debug|Any CPU.ActiveCfg = Debug|Any CPU
		{61B237D1-1174-41B5-B34D-93A0CD56A1E2}.Release|Any CPU.ActiveCfg = Release|Any CPU
	EndGlobalSection
	GlobalSection(SolutionProperties) = preSolution
		HideSolutionNode = FALSE
	EndGlobalSection
	GlobalSection(ExtensibilityGlobals) = postSolution
		SolutionGuid = {73C808ED-10D3-467E-88F2-DF26F5B70FD5}
	EndGlobalSection
EndGlobal
